// !$*UTF8*$!
{
	archiveVersion = 1;
	classes = {
	};
	objectVersion = 48;
	objects = {

/* Begin PBXBuildFile section */
		7141CAFE1DFAC3C50088C410 /* Enum.swift in Sources */ = {isa = PBXBuildFile; fileRef = 7141CAFB1DFAA9060088C410 /* Enum.swift */; };
		714AC3611C2E449D000D65E6 /* AppDelegate.swift in Sources */ = {isa = PBXBuildFile; fileRef = 714AC3601C2E449D000D65E6 /* AppDelegate.swift */; };
		714AC3631C2E449D000D65E6 /* ViewController.swift in Sources */ = {isa = PBXBuildFile; fileRef = 714AC3621C2E449D000D65E6 /* ViewController.swift */; };
		714AC3661C2E449D000D65E6 /* Main.storyboard in Resources */ = {isa = PBXBuildFile; fileRef = 714AC3641C2E449D000D65E6 /* Main.storyboard */; };
		714AC36B1C2E449D000D65E6 /* LaunchScreen.storyboard in Resources */ = {isa = PBXBuildFile; fileRef = 714AC3691C2E449D000D65E6 /* LaunchScreen.storyboard */; };
		714C34B61F61593B00EA8CB2 /* MainMac.storyboard in Resources */ = {isa = PBXBuildFile; fileRef = 714C34B41F61593B00EA8CB2 /* MainMac.storyboard */; };
		714FABF81F67F5EE00DD7015 /* GameView.swift in Sources */ = {isa = PBXBuildFile; fileRef = 71D56A321C2E538F00D7FAA3 /* GameView.swift */; };
		714FABFA1F67F5F700DD7015 /* Info.plist in Resources */ = {isa = PBXBuildFile; fileRef = 714FABF91F67F5F700DD7015 /* Info.plist */; };
		71536DC61F6162F7001087A5 /* SettingsController.swift in Sources */ = {isa = PBXBuildFile; fileRef = 71536DC41F616268001087A5 /* SettingsController.swift */; };
		71536DCA1F61644D001087A5 /* Credits.rtf in Resources */ = {isa = PBXBuildFile; fileRef = 71536DC91F61644D001087A5 /* Credits.rtf */; };
		716DA27721218F030053342F /* ScoreViewer.swift in Sources */ = {isa = PBXBuildFile; fileRef = 716DA27621218F030053342F /* ScoreViewer.swift */; };
		718FFAE520707CA900326ECB /* Default-568h@2x.png in Resources */ = {isa = PBXBuildFile; fileRef = 718FFAE420707CA900326ECB /* Default-568h@2x.png */; };
		718FFAE72070E49D00326ECB /* Constants.swift in Sources */ = {isa = PBXBuildFile; fileRef = 718FFAE62070E49D00326ECB /* Constants.swift */; };
		718FFAE82070E4E600326ECB /* Constants.swift in Sources */ = {isa = PBXBuildFile; fileRef = 718FFAE62070E49D00326ECB /* Constants.swift */; };
		71D1891E1DFEDCC400A92E45 /* GameView.swift in Sources */ = {isa = PBXBuildFile; fileRef = 71D1891D1DFEDCC400A92E45 /* GameView.swift */; };
		71FA3FF21F5F8EBB00EC1917 /* AppDelegate.swift in Sources */ = {isa = PBXBuildFile; fileRef = 71FA3FF01F5F8EB600EC1917 /* AppDelegate.swift */; };
		71FC89921DFEA409002A990A /* Enum.swift in Sources */ = {isa = PBXBuildFile; fileRef = 7141CAFB1DFAA9060088C410 /* Enum.swift */; };
		71FF39FD1F61550500EEC082 /* Assets.xcassets in Resources */ = {isa = PBXBuildFile; fileRef = 71FF39FC1F61550500EEC082 /* Assets.xcassets */; };
		71FF39FE1F61550500EEC082 /* Assets.xcassets in Resources */ = {isa = PBXBuildFile; fileRef = 71FF39FC1F61550500EEC082 /* Assets.xcassets */; };
		71FF39FF1F6155AD00EEC082 /* ss1.jpg in Resources */ = {isa = PBXBuildFile; fileRef = 712CA9BB1AF8576E00277C3B /* ss1.jpg */; };
		71FF3A001F6155B500EEC082 /* ss2.jpg in Resources */ = {isa = PBXBuildFile; fileRef = 712CA9BC1AF8576E00277C3B /* ss2.jpg */; };
		71FF3A011F6155B700EEC082 /* ss3.jpg in Resources */ = {isa = PBXBuildFile; fileRef = 712CA9BD1AF8576E00277C3B /* ss3.jpg */; };
		71FF3A021F6155B900EEC082 /* ss4.jpg in Resources */ = {isa = PBXBuildFile; fileRef = 712CA9BE1AF8576E00277C3B /* ss4.jpg */; };
		71FF3A031F6155BC00EEC082 /* ss5.jpg in Resources */ = {isa = PBXBuildFile; fileRef = 712CA9BF1AF8576E00277C3B /* ss5.jpg */; };
		71FF3A041F6155BF00EEC082 /* ss6.jpg in Resources */ = {isa = PBXBuildFile; fileRef = 712CA9C01AF8576E00277C3B /* ss6.jpg */; };
		71FF3A051F61562C00EEC082 /* plus2k.png in Resources */ = {isa = PBXBuildFile; fileRef = 714A99B41AF78F1D00402602 /* plus2k.png */; };
		71FF3A061F61562C00EEC082 /* plus5k.png in Resources */ = {isa = PBXBuildFile; fileRef = 714A99B51AF78F1D00402602 /* plus5k.png */; };
		71FF3A071F61562C00EEC082 /* bomb.png in Resources */ = {isa = PBXBuildFile; fileRef = 714A99AA1AF7670100402602 /* bomb.png */; };
		71FF3A081F61562C00EEC082 /* clearColumn.png in Resources */ = {isa = PBXBuildFile; fileRef = 714A99AB1AF7670100402602 /* clearColumn.png */; };
		71FF3A091F61562C00EEC082 /* clearRow.png in Resources */ = {isa = PBXBuildFile; fileRef = 714A99AC1AF7670100402602 /* clearRow.png */; };
		71FF3A0A1F61562C00EEC082 /* plus50.png in Resources */ = {isa = PBXBuildFile; fileRef = 714A99AD1AF7670100402602 /* plus50.png */; };
		71FF3A0B1F61562C00EEC082 /* plus200.png in Resources */ = {isa = PBXBuildFile; fileRef = 714A99AE1AF7670100402602 /* plus200.png */; };
		71FF3A0C1F61562D00EEC082 /* plus2k.png in Resources */ = {isa = PBXBuildFile; fileRef = 714A99B41AF78F1D00402602 /* plus2k.png */; };
		71FF3A0D1F61562D00EEC082 /* plus5k.png in Resources */ = {isa = PBXBuildFile; fileRef = 714A99B51AF78F1D00402602 /* plus5k.png */; };
		71FF3A0E1F61562D00EEC082 /* bomb.png in Resources */ = {isa = PBXBuildFile; fileRef = 714A99AA1AF7670100402602 /* bomb.png */; };
		71FF3A0F1F61562D00EEC082 /* clearColumn.png in Resources */ = {isa = PBXBuildFile; fileRef = 714A99AB1AF7670100402602 /* clearColumn.png */; };
		71FF3A101F61562D00EEC082 /* clearRow.png in Resources */ = {isa = PBXBuildFile; fileRef = 714A99AC1AF7670100402602 /* clearRow.png */; };
		71FF3A111F61562D00EEC082 /* plus50.png in Resources */ = {isa = PBXBuildFile; fileRef = 714A99AD1AF7670100402602 /* plus50.png */; };
		71FF3A121F61562D00EEC082 /* plus200.png in Resources */ = {isa = PBXBuildFile; fileRef = 714A99AE1AF7670100402602 /* plus200.png */; };
/* End PBXBuildFile section */

/* Begin PBXFileReference section */
		712CA9BB1AF8576E00277C3B /* ss1.jpg */ = {isa = PBXFileReference; lastKnownFileType = image.jpeg; name = ss1.jpg; path = Imgs/ss1.jpg; sourceTree = "<group>"; };
		712CA9BC1AF8576E00277C3B /* ss2.jpg */ = {isa = PBXFileReference; lastKnownFileType = image.jpeg; name = ss2.jpg; path = Imgs/ss2.jpg; sourceTree = "<group>"; };
		712CA9BD1AF8576E00277C3B /* ss3.jpg */ = {isa = PBXFileReference; lastKnownFileType = image.jpeg; name = ss3.jpg; path = Imgs/ss3.jpg; sourceTree = "<group>"; };
		712CA9BE1AF8576E00277C3B /* ss4.jpg */ = {isa = PBXFileReference; lastKnownFileType = image.jpeg; name = ss4.jpg; path = Imgs/ss4.jpg; sourceTree = "<group>"; };
		712CA9BF1AF8576E00277C3B /* ss5.jpg */ = {isa = PBXFileReference; lastKnownFileType = image.jpeg; name = ss5.jpg; path = Imgs/ss5.jpg; sourceTree = "<group>"; };
		712CA9C01AF8576E00277C3B /* ss6.jpg */ = {isa = PBXFileReference; lastKnownFileType = image.jpeg; name = ss6.jpg; path = Imgs/ss6.jpg; sourceTree = "<group>"; };
		713B21821F5F8B0200E56E6A /* LICENSE */ = {isa = PBXFileReference; fileEncoding = 4; lastKnownFileType = text; path = LICENSE; sourceTree = "<group>"; };
		713B21831F5F8B0200E56E6A /* README.md */ = {isa = PBXFileReference; fileEncoding = 4; lastKnownFileType = net.daringfireball.markdown; path = README.md; sourceTree = "<group>"; };
		7141CAFB1DFAA9060088C410 /* Enum.swift */ = {isa = PBXFileReference; fileEncoding = 4; lastKnownFileType = sourcecode.swift; name = Enum.swift; path = Brickbreaker/Universal/Enum.swift; sourceTree = "<group>"; };
		714A99AA1AF7670100402602 /* bomb.png */ = {isa = PBXFileReference; lastKnownFileType = image.png; name = bomb.png; path = Imgs/bomb.png; sourceTree = "<group>"; };
		714A99AB1AF7670100402602 /* clearColumn.png */ = {isa = PBXFileReference; lastKnownFileType = image.png; name = clearColumn.png; path = Imgs/clearColumn.png; sourceTree = "<group>"; };
		714A99AC1AF7670100402602 /* clearRow.png */ = {isa = PBXFileReference; lastKnownFileType = image.png; name = clearRow.png; path = Imgs/clearRow.png; sourceTree = "<group>"; };
		714A99AD1AF7670100402602 /* plus50.png */ = {isa = PBXFileReference; lastKnownFileType = image.png; name = plus50.png; path = Imgs/plus50.png; sourceTree = "<group>"; };
		714A99AE1AF7670100402602 /* plus200.png */ = {isa = PBXFileReference; lastKnownFileType = image.png; name = plus200.png; path = Imgs/plus200.png; sourceTree = "<group>"; };
		714A99B41AF78F1D00402602 /* plus2k.png */ = {isa = PBXFileReference; lastKnownFileType = image.png; name = plus2k.png; path = Imgs/plus2k.png; sourceTree = "<group>"; };
		714A99B51AF78F1D00402602 /* plus5k.png */ = {isa = PBXFileReference; lastKnownFileType = image.png; name = plus5k.png; path = Imgs/plus5k.png; sourceTree = "<group>"; };
		714AC35E1C2E449D000D65E6 /* BrickBreaker iOS.app */ = {isa = PBXFileReference; explicitFileType = wrapper.application; includeInIndex = 0; path = "BrickBreaker iOS.app"; sourceTree = BUILT_PRODUCTS_DIR; };
		714AC3601C2E449D000D65E6 /* AppDelegate.swift */ = {isa = PBXFileReference; lastKnownFileType = sourcecode.swift; path = AppDelegate.swift; sourceTree = "<group>"; };
		714AC3621C2E449D000D65E6 /* ViewController.swift */ = {isa = PBXFileReference; lastKnownFileType = sourcecode.swift; path = ViewController.swift; sourceTree = "<group>"; };
		714AC3651C2E449D000D65E6 /* Base */ = {isa = PBXFileReference; lastKnownFileType = file.storyboard; name = Base; path = Base.lproj/Main.storyboard; sourceTree = "<group>"; };
		714AC36A1C2E449D000D65E6 /* Base */ = {isa = PBXFileReference; lastKnownFileType = file.storyboard; name = Base; path = Base.lproj/LaunchScreen.storyboard; sourceTree = "<group>"; };
		714C34B51F61593B00EA8CB2 /* Base */ = {isa = PBXFileReference; lastKnownFileType = file.storyboard; name = Base; path = Brickbreaker/Base.lproj/MainMac.storyboard; sourceTree = SOURCE_ROOT; };
		714FABF91F67F5F700DD7015 /* Info.plist */ = {isa = PBXFileReference; fileEncoding = 4; lastKnownFileType = text.plist.xml; path = Info.plist; sourceTree = "<group>"; };
		71536DC41F616268001087A5 /* SettingsController.swift */ = {isa = PBXFileReference; fileEncoding = 4; lastKnownFileType = sourcecode.swift; name = SettingsController.swift; path = Brickbreaker/Mac/SettingsController.swift; sourceTree = SOURCE_ROOT; };
		71536DC91F61644D001087A5 /* Credits.rtf */ = {isa = PBXFileReference; fileEncoding = 4; lastKnownFileType = text.rtf; name = Credits.rtf; path = Brickbreaker/Mac/Credits.rtf; sourceTree = SOURCE_ROOT; };
		716DA27621218F030053342F /* ScoreViewer.swift */ = {isa = PBXFileReference; lastKnownFileType = sourcecode.swift; path = ScoreViewer.swift; sourceTree = "<group>"; };
		718FFAE420707CA900326ECB /* Default-568h@2x.png */ = {isa = PBXFileReference; lastKnownFileType = image.png; path = "Default-568h@2x.png"; sourceTree = "<group>"; };
		718FFAE62070E49D00326ECB /* Constants.swift */ = {isa = PBXFileReference; lastKnownFileType = sourcecode.swift; name = Constants.swift; path = Brickbreaker/Universal/Constants.swift; sourceTree = "<group>"; };
		71D1891A1DFEDC4100A92E45 /* Info.plist */ = {isa = PBXFileReference; fileEncoding = 4; lastKnownFileType = text.plist.xml; path = Info.plist; sourceTree = "<group>"; };
		71D1891D1DFEDCC400A92E45 /* GameView.swift */ = {isa = PBXFileReference; fileEncoding = 4; lastKnownFileType = sourcecode.swift; name = GameView.swift; path = Brickbreaker/Mac/GameView.swift; sourceTree = SOURCE_ROOT; };
		71D56A321C2E538F00D7FAA3 /* GameView.swift */ = {isa = PBXFileReference; fileEncoding = 4; lastKnownFileType = sourcecode.swift; path = GameView.swift; sourceTree = "<group>"; };
		71FA3FF01F5F8EB600EC1917 /* AppDelegate.swift */ = {isa = PBXFileReference; fileEncoding = 4; lastKnownFileType = sourcecode.swift; name = AppDelegate.swift; path = Brickbreaker/Mac/AppDelegate.swift; sourceTree = SOURCE_ROOT; };
		71FC89851DFE97C7002A990A /* BrickBreaker Mac.app */ = {isa = PBXFileReference; explicitFileType = wrapper.application; includeInIndex = 0; path = "BrickBreaker Mac.app"; sourceTree = BUILT_PRODUCTS_DIR; };
		71FF39FC1F61550500EEC082 /* Assets.xcassets */ = {isa = PBXFileReference; lastKnownFileType = folder.assetcatalog; name = Assets.xcassets; path = Brickbreaker/Assets.xcassets; sourceTree = "<group>"; };
/* End PBXFileReference section */

/* Begin PBXFrameworksBuildPhase section */
		714AC35B1C2E449D000D65E6 /* Frameworks */ = {
			isa = PBXFrameworksBuildPhase;
			buildActionMask = 2147483647;
			files = (
			);
			runOnlyForDeploymentPostprocessing = 0;
		};
		71FC89821DFE97C7002A990A /* Frameworks */ = {
			isa = PBXFrameworksBuildPhase;
			buildActionMask = 2147483647;
			files = (
			);
			runOnlyForDeploymentPostprocessing = 0;
		};
/* End PBXFrameworksBuildPhase section */

/* Begin PBXGroup section */
		713B21811F5F8AFC00E56E6A /* Meta */ = {
			isa = PBXGroup;
			children = (
				713B21821F5F8B0200E56E6A /* LICENSE */,
				713B21831F5F8B0200E56E6A /* README.md */,
			);
			name = Meta;
			sourceTree = "<group>";
		};
		7141CAFA1DFAA8C90088C410 /* Universal */ = {
			isa = PBXGroup;
			children = (
				7141CAFB1DFAA9060088C410 /* Enum.swift */,
				71FF39FC1F61550500EEC082 /* Assets.xcassets */,
				718FFAE62070E49D00326ECB /* Constants.swift */,
			);
			name = Universal;
			sourceTree = "<group>";
		};
		714AC3581C2E4472000D65E6 /* Mac */ = {
			isa = PBXGroup;
			children = (
				712CA9BB1AF8576E00277C3B /* ss1.jpg */,
				712CA9BC1AF8576E00277C3B /* ss2.jpg */,
				712CA9BD1AF8576E00277C3B /* ss3.jpg */,
				712CA9BE1AF8576E00277C3B /* ss4.jpg */,
				712CA9BF1AF8576E00277C3B /* ss5.jpg */,
				712CA9C01AF8576E00277C3B /* ss6.jpg */,
			);
			name = Mac;
			sourceTree = "<group>";
		};
		714AC3591C2E4477000D65E6 /* Universal */ = {
			isa = PBXGroup;
			children = (
				714A99B41AF78F1D00402602 /* plus2k.png */,
				714A99B51AF78F1D00402602 /* plus5k.png */,
				714A99AA1AF7670100402602 /* bomb.png */,
				714A99AB1AF7670100402602 /* clearColumn.png */,
				714A99AC1AF7670100402602 /* clearRow.png */,
				714A99AD1AF7670100402602 /* plus50.png */,
				714A99AE1AF7670100402602 /* plus200.png */,
			);
			name = Universal;
			sourceTree = "<group>";
		};
		714AC35F1C2E449D000D65E6 /* BrickBreaker iOS */ = {
			isa = PBXGroup;
			children = (
				718FFAE420707CA900326ECB /* Default-568h@2x.png */,
				714FABF91F67F5F700DD7015 /* Info.plist */,
				714AC3601C2E449D000D65E6 /* AppDelegate.swift */,
				714AC3621C2E449D000D65E6 /* ViewController.swift */,
				71D56A321C2E538F00D7FAA3 /* GameView.swift */,
				714AC3641C2E449D000D65E6 /* Main.storyboard */,
				714AC3691C2E449D000D65E6 /* LaunchScreen.storyboard */,
			);
			name = "BrickBreaker iOS";
			path = Brickbreaker/iOS;
			sourceTree = "<group>";
		};
		718F52931ADFD95C0026AAE4 = {
			isa = PBXGroup;
			children = (
				713B21811F5F8AFC00E56E6A /* Meta */,
				71D806251AE356D300C4C278 /* Imgs */,
				7141CAFA1DFAA8C90088C410 /* Universal */,
				714AC35F1C2E449D000D65E6 /* BrickBreaker iOS */,
				71FC89861DFE97C7002A990A /* BrickBreaker Mac */,
				718F529D1ADFD95C0026AAE4 /* Products */,
			);
			sourceTree = "<group>";
		};
		718F529D1ADFD95C0026AAE4 /* Products */ = {
			isa = PBXGroup;
			children = (
				714AC35E1C2E449D000D65E6 /* BrickBreaker iOS.app */,
				71FC89851DFE97C7002A990A /* BrickBreaker Mac.app */,
			);
			name = Products;
			sourceTree = "<group>";
		};
		71D806251AE356D300C4C278 /* Imgs */ = {
			isa = PBXGroup;
			children = (
				714AC3581C2E4472000D65E6 /* Mac */,
				714AC3591C2E4477000D65E6 /* Universal */,
			);
			name = Imgs;
			path = Brickbreaker;
			sourceTree = "<group>";
		};
		71FC89861DFE97C7002A990A /* BrickBreaker Mac */ = {
			isa = PBXGroup;
			children = (
				71FA3FF01F5F8EB600EC1917 /* AppDelegate.swift */,
				71D1891A1DFEDC4100A92E45 /* Info.plist */,
				71D1891D1DFEDCC400A92E45 /* GameView.swift */,
				714C34B41F61593B00EA8CB2 /* MainMac.storyboard */,
				71536DC41F616268001087A5 /* SettingsController.swift */,
				71536DC91F61644D001087A5 /* Credits.rtf */,
				716DA27621218F030053342F /* ScoreViewer.swift */,
			);
			name = "BrickBreaker Mac";
			path = Brickbreaker/Mac;
			sourceTree = "<group>";
		};
/* End PBXGroup section */

/* Begin PBXNativeTarget section */
		714AC35D1C2E449D000D65E6 /* BrickBreaker iOS */ = {
			isa = PBXNativeTarget;
			buildConfigurationList = 714AC3831C2E449D000D65E6 /* Build configuration list for PBXNativeTarget "BrickBreaker iOS" */;
			buildPhases = (
				714AC35A1C2E449D000D65E6 /* Sources */,
				714AC35B1C2E449D000D65E6 /* Frameworks */,
				714AC35C1C2E449D000D65E6 /* Resources */,
			);
			buildRules = (
			);
			dependencies = (
			);
			name = "BrickBreaker iOS";
			productName = BrickBreaker;
			productReference = 714AC35E1C2E449D000D65E6 /* BrickBreaker iOS.app */;
			productType = "com.apple.product-type.application";
		};
		71FC89841DFE97C7002A990A /* BrickBreaker Mac */ = {
			isa = PBXNativeTarget;
			buildConfigurationList = 71FC898F1DFE97C7002A990A /* Build configuration list for PBXNativeTarget "BrickBreaker Mac" */;
			buildPhases = (
				71FC89811DFE97C7002A990A /* Sources */,
				71FC89821DFE97C7002A990A /* Frameworks */,
				71FC89831DFE97C7002A990A /* Resources */,
			);
			buildRules = (
			);
			dependencies = (
			);
			name = "BrickBreaker Mac";
			productName = "BrickBreaker Mac";
			productReference = 71FC89851DFE97C7002A990A /* BrickBreaker Mac.app */;
			productType = "com.apple.product-type.application";
		};
/* End PBXNativeTarget section */

/* Begin PBXProject section */
		718F52941ADFD95C0026AAE4 /* Project object */ = {
			isa = PBXProject;
			attributes = {
				LastSwiftUpdateCheck = 0730;
				LastUpgradeCheck = 0940;
				ORGANIZATIONNAME = Arc676;
				TargetAttributes = {
					714AC35D1C2E449D000D65E6 = {
						CreatedOnToolsVersion = 7.2;
					};
					71FC89841DFE97C7002A990A = {
						CreatedOnToolsVersion = 7.3;
						DevelopmentTeam = T42F23M422;
						LastSwiftMigration = 0920;
						ProvisioningStyle = Automatic;
					};
				};
			};
			buildConfigurationList = 718F52971ADFD95C0026AAE4 /* Build configuration list for PBXProject "Brickbreaker" */;
			compatibilityVersion = "Xcode 8.0";
			developmentRegion = English;
			hasScannedForEncodings = 0;
			knownRegions = (
				en,
				Base,
			);
			mainGroup = 718F52931ADFD95C0026AAE4;
			productRefGroup = 718F529D1ADFD95C0026AAE4 /* Products */;
			projectDirPath = "";
			projectRoot = "";
			targets = (
				714AC35D1C2E449D000D65E6 /* BrickBreaker iOS */,
				71FC89841DFE97C7002A990A /* BrickBreaker Mac */,
			);
		};
/* End PBXProject section */

/* Begin PBXResourcesBuildPhase section */
		714AC35C1C2E449D000D65E6 /* Resources */ = {
			isa = PBXResourcesBuildPhase;
			buildActionMask = 2147483647;
			files = (
				71FF3A061F61562C00EEC082 /* plus5k.png in Resources */,
				714AC36B1C2E449D000D65E6 /* LaunchScreen.storyboard in Resources */,
				71FF39FD1F61550500EEC082 /* Assets.xcassets in Resources */,
				71FF3A051F61562C00EEC082 /* plus2k.png in Resources */,
				71FF3A0B1F61562C00EEC082 /* plus200.png in Resources */,
				718FFAE520707CA900326ECB /* Default-568h@2x.png in Resources */,
				71FF3A0A1F61562C00EEC082 /* plus50.png in Resources */,
				714AC3661C2E449D000D65E6 /* Main.storyboard in Resources */,
				71FF3A071F61562C00EEC082 /* bomb.png in Resources */,
				714FABFA1F67F5F700DD7015 /* Info.plist in Resources */,
				71FF3A091F61562C00EEC082 /* clearRow.png in Resources */,
				71FF3A081F61562C00EEC082 /* clearColumn.png in Resources */,
			);
			runOnlyForDeploymentPostprocessing = 0;
		};
		71FC89831DFE97C7002A990A /* Resources */ = {
			isa = PBXResourcesBuildPhase;
			buildActionMask = 2147483647;
			files = (
				71FF3A021F6155B900EEC082 /* ss4.jpg in Resources */,
				71FF3A011F6155B700EEC082 /* ss3.jpg in Resources */,
				71FF3A101F61562D00EEC082 /* clearRow.png in Resources */,
				71536DCA1F61644D001087A5 /* Credits.rtf in Resources */,
				71FF3A041F6155BF00EEC082 /* ss6.jpg in Resources */,
				71FF39FF1F6155AD00EEC082 /* ss1.jpg in Resources */,
				71FF39FE1F61550500EEC082 /* Assets.xcassets in Resources */,
				71FF3A0D1F61562D00EEC082 /* plus5k.png in Resources */,
				71FF3A001F6155B500EEC082 /* ss2.jpg in Resources */,
				71FF3A111F61562D00EEC082 /* plus50.png in Resources */,
				71FF3A121F61562D00EEC082 /* plus200.png in Resources */,
				71FF3A0F1F61562D00EEC082 /* clearColumn.png in Resources */,
				71FF3A031F6155BC00EEC082 /* ss5.jpg in Resources */,
				71FF3A0C1F61562D00EEC082 /* plus2k.png in Resources */,
				71FF3A0E1F61562D00EEC082 /* bomb.png in Resources */,
				714C34B61F61593B00EA8CB2 /* MainMac.storyboard in Resources */,
			);
			runOnlyForDeploymentPostprocessing = 0;
		};
/* End PBXResourcesBuildPhase section */

/* Begin PBXSourcesBuildPhase section */
		714AC35A1C2E449D000D65E6 /* Sources */ = {
			isa = PBXSourcesBuildPhase;
			buildActionMask = 2147483647;
			files = (
				718FFAE72070E49D00326ECB /* Constants.swift in Sources */,
				714AC3631C2E449D000D65E6 /* ViewController.swift in Sources */,
				7141CAFE1DFAC3C50088C410 /* Enum.swift in Sources */,
				714FABF81F67F5EE00DD7015 /* GameView.swift in Sources */,
				714AC3611C2E449D000D65E6 /* AppDelegate.swift in Sources */,
			);
			runOnlyForDeploymentPostprocessing = 0;
		};
		71FC89811DFE97C7002A990A /* Sources */ = {
			isa = PBXSourcesBuildPhase;
			buildActionMask = 2147483647;
			files = (
				716DA27721218F030053342F /* ScoreViewer.swift in Sources */,
				718FFAE82070E4E600326ECB /* Constants.swift in Sources */,
				71536DC61F6162F7001087A5 /* SettingsController.swift in Sources */,
				71FA3FF21F5F8EBB00EC1917 /* AppDelegate.swift in Sources */,
				71D1891E1DFEDCC400A92E45 /* GameView.swift in Sources */,
				71FC89921DFEA409002A990A /* Enum.swift in Sources */,
			);
			runOnlyForDeploymentPostprocessing = 0;
		};
/* End PBXSourcesBuildPhase section */

/* Begin PBXVariantGroup section */
		714AC3641C2E449D000D65E6 /* Main.storyboard */ = {
			isa = PBXVariantGroup;
			children = (
				714AC3651C2E449D000D65E6 /* Base */,
			);
			name = Main.storyboard;
			sourceTree = "<group>";
		};
		714AC3691C2E449D000D65E6 /* LaunchScreen.storyboard */ = {
			isa = PBXVariantGroup;
			children = (
				714AC36A1C2E449D000D65E6 /* Base */,
			);
			name = LaunchScreen.storyboard;
			sourceTree = "<group>";
		};
		714C34B41F61593B00EA8CB2 /* MainMac.storyboard */ = {
			isa = PBXVariantGroup;
			children = (
				714C34B51F61593B00EA8CB2 /* Base */,
			);
			name = MainMac.storyboard;
			sourceTree = "<group>";
		};
/* End PBXVariantGroup section */

/* Begin XCBuildConfiguration section */
		714AC3841C2E449D000D65E6 /* Debug */ = {
			isa = XCBuildConfiguration;
			buildSettings = {
				ASSETCATALOG_COMPILER_APPICON_NAME = AppIcon;
				"CODE_SIGN_IDENTITY[sdk=iphoneos*]" = "iPhone Developer";
				DEVELOPMENT_TEAM = T42F23M422;
				ENABLE_TESTABILITY = YES;
				INFOPLIST_FILE = BrickBreaker/Info.plist;
				IPHONEOS_DEPLOYMENT_TARGET = 9.2;
				LD_RUNPATH_SEARCH_PATHS = "$(inherited) @executable_path/Frameworks";
				PRODUCT_BUNDLE_IDENTIFIER = "com.Arc676.BrickBreaker-iOS";
				PRODUCT_NAME = "$(TARGET_NAME)";
				SDKROOT = iphoneos;
				SWIFT_OPTIMIZATION_LEVEL = "-Onone";
				TARGETED_DEVICE_FAMILY = "1,2";
			};
			name = Debug;
		};
		714AC3851C2E449D000D65E6 /* Release */ = {
			isa = XCBuildConfiguration;
			buildSettings = {
				ASSETCATALOG_COMPILER_APPICON_NAME = AppIcon;
				"CODE_SIGN_IDENTITY[sdk=iphoneos*]" = "iPhone Developer";
				DEVELOPMENT_TEAM = T42F23M422;
				INFOPLIST_FILE = BrickBreaker/Info.plist;
				IPHONEOS_DEPLOYMENT_TARGET = 9.2;
				LD_RUNPATH_SEARCH_PATHS = "$(inherited) @executable_path/Frameworks";
				PRODUCT_BUNDLE_IDENTIFIER = "com.Arc676.BrickBreaker-iOS";
				PRODUCT_NAME = "$(TARGET_NAME)";
				SDKROOT = iphoneos;
				TARGETED_DEVICE_FAMILY = "1,2";
				VALIDATE_PRODUCT = YES;
			};
			name = Release;
		};
		718F52B71ADFD95C0026AAE4 /* Debug */ = {
			isa = XCBuildConfiguration;
			buildSettings = {
				ALWAYS_SEARCH_USER_PATHS = NO;
				CLANG_CXX_LANGUAGE_STANDARD = "gnu++0x";
				CLANG_CXX_LIBRARY = "libc++";
				CLANG_ENABLE_MODULES = YES;
				CLANG_ENABLE_OBJC_ARC = YES;
				CLANG_WARN_BLOCK_CAPTURE_AUTORELEASING = YES;
				CLANG_WARN_BOOL_CONVERSION = YES;
				CLANG_WARN_COMMA = YES;
				CLANG_WARN_CONSTANT_CONVERSION = YES;
				CLANG_WARN_DEPRECATED_OBJC_IMPLEMENTATIONS = YES;
				CLANG_WARN_DIRECT_OBJC_ISA_USAGE = YES_ERROR;
				CLANG_WARN_EMPTY_BODY = YES;
				CLANG_WARN_ENUM_CONVERSION = YES;
				CLANG_WARN_INFINITE_RECURSION = YES;
				CLANG_WARN_INT_CONVERSION = YES;
				CLANG_WARN_NON_LITERAL_NULL_CONVERSION = YES;
				CLANG_WARN_OBJC_IMPLICIT_RETAIN_SELF = YES;
				CLANG_WARN_OBJC_LITERAL_CONVERSION = YES;
				CLANG_WARN_OBJC_ROOT_CLASS = YES_ERROR;
				CLANG_WARN_RANGE_LOOP_ANALYSIS = YES;
				CLANG_WARN_STRICT_PROTOTYPES = YES;
				CLANG_WARN_SUSPICIOUS_MOVE = YES;
				CLANG_WARN_UNREACHABLE_CODE = YES;
				CLANG_WARN__DUPLICATE_METHOD_MATCH = YES;
				CODE_SIGN_IDENTITY = "-";
				COPY_PHASE_STRIP = NO;
				DEBUG_INFORMATION_FORMAT = dwarf;
				ENABLE_STRICT_OBJC_MSGSEND = YES;
				ENABLE_TESTABILITY = YES;
				GCC_C_LANGUAGE_STANDARD = gnu99;
				GCC_DYNAMIC_NO_PIC = NO;
				GCC_NO_COMMON_BLOCKS = YES;
				GCC_OPTIMIZATION_LEVEL = 0;
				GCC_PREPROCESSOR_DEFINITIONS = (
					"DEBUG=1",
					"$(inherited)",
				);
				GCC_SYMBOLS_PRIVATE_EXTERN = NO;
				GCC_WARN_64_TO_32_BIT_CONVERSION = YES;
				GCC_WARN_ABOUT_RETURN_TYPE = YES_ERROR;
				GCC_WARN_UNDECLARED_SELECTOR = YES;
				GCC_WARN_UNINITIALIZED_AUTOS = YES_AGGRESSIVE;
				GCC_WARN_UNUSED_FUNCTION = YES;
				GCC_WARN_UNUSED_VARIABLE = YES;
				MACOSX_DEPLOYMENT_TARGET = 10.10;
				MTL_ENABLE_DEBUG_INFO = YES;
				ONLY_ACTIVE_ARCH = YES;
				SDKROOT = macosx;
			};
			name = Debug;
		};
		718F52B81ADFD95C0026AAE4 /* Release */ = {
			isa = XCBuildConfiguration;
			buildSettings = {
				ALWAYS_SEARCH_USER_PATHS = NO;
				CLANG_CXX_LANGUAGE_STANDARD = "gnu++0x";
				CLANG_CXX_LIBRARY = "libc++";
				CLANG_ENABLE_MODULES = YES;
				CLANG_ENABLE_OBJC_ARC = YES;
				CLANG_WARN_BLOCK_CAPTURE_AUTORELEASING = YES;
				CLANG_WARN_BOOL_CONVERSION = YES;
				CLANG_WARN_COMMA = YES;
				CLANG_WARN_CONSTANT_CONVERSION = YES;
				CLANG_WARN_DEPRECATED_OBJC_IMPLEMENTATIONS = YES;
				CLANG_WARN_DIRECT_OBJC_ISA_USAGE = YES_ERROR;
				CLANG_WARN_EMPTY_BODY = YES;
				CLANG_WARN_ENUM_CONVERSION = YES;
				CLANG_WARN_INFINITE_RECURSION = YES;
				CLANG_WARN_INT_CONVERSION = YES;
				CLANG_WARN_NON_LITERAL_NULL_CONVERSION = YES;
				CLANG_WARN_OBJC_IMPLICIT_RETAIN_SELF = YES;
				CLANG_WARN_OBJC_LITERAL_CONVERSION = YES;
				CLANG_WARN_OBJC_ROOT_CLASS = YES_ERROR;
				CLANG_WARN_RANGE_LOOP_ANALYSIS = YES;
				CLANG_WARN_STRICT_PROTOTYPES = YES;
				CLANG_WARN_SUSPICIOUS_MOVE = YES;
				CLANG_WARN_UNREACHABLE_CODE = YES;
				CLANG_WARN__DUPLICATE_METHOD_MATCH = YES;
				CODE_SIGN_IDENTITY = "-";
				COPY_PHASE_STRIP = NO;
				DEBUG_INFORMATION_FORMAT = "dwarf-with-dsym";
				ENABLE_NS_ASSERTIONS = NO;
				ENABLE_STRICT_OBJC_MSGSEND = YES;
				GCC_C_LANGUAGE_STANDARD = gnu99;
				GCC_NO_COMMON_BLOCKS = YES;
				GCC_WARN_64_TO_32_BIT_CONVERSION = YES;
				GCC_WARN_ABOUT_RETURN_TYPE = YES_ERROR;
				GCC_WARN_UNDECLARED_SELECTOR = YES;
				GCC_WARN_UNINITIALIZED_AUTOS = YES_AGGRESSIVE;
				GCC_WARN_UNUSED_FUNCTION = YES;
				GCC_WARN_UNUSED_VARIABLE = YES;
				MACOSX_DEPLOYMENT_TARGET = 10.10;
				MTL_ENABLE_DEBUG_INFO = NO;
				SDKROOT = macosx;
				SWIFT_OPTIMIZATION_LEVEL = "-Owholemodule";
			};
			name = Release;
		};
		71FC89901DFE97C7002A990A /* Debug */ = {
			isa = XCBuildConfiguration;
			buildSettings = {
				ASSETCATALOG_COMPILER_APPICON_NAME = AppIcon;
				CLANG_ANALYZER_NONNULL = YES;
				CODE_SIGN_IDENTITY = "Mac Developer";
				COMBINE_HIDPI_IMAGES = YES;
				DEVELOPMENT_TEAM = T42F23M422;
				INFOPLIST_FILE = "$(SRCROOT)/Brickbreaker/Mac/Info.plist";
				LD_RUNPATH_SEARCH_PATHS = "$(inherited) @executable_path/../Frameworks";
				MACOSX_DEPLOYMENT_TARGET = 10.10;
				PRODUCT_BUNDLE_IDENTIFIER = "com.Arc676.BrickBreaker-Mac";
				PRODUCT_NAME = "$(TARGET_NAME)";
				PROVISIONING_PROFILE_SPECIFIER = "";
				SWIFT_OPTIMIZATION_LEVEL = "-Onone";
				SWIFT_SWIFT3_OBJC_INFERENCE = Default;
				SWIFT_VERSION = 4.0;
			};
			name = Debug;
		};
		71FC89911DFE97C7002A990A /* Release */ = {
			isa = XCBuildConfiguration;
			buildSettings = {
				ASSETCATALOG_COMPILER_APPICON_NAME = AppIcon;
				CLANG_ANALYZER_NONNULL = YES;
				CODE_SIGN_IDENTITY = "Mac Developer";
				COMBINE_HIDPI_IMAGES = YES;
				DEVELOPMENT_TEAM = T42F23M422;
				INFOPLIST_FILE = "$(SRCROOT)/Brickbreaker/Mac/Info.plist";
				LD_RUNPATH_SEARCH_PATHS = "$(inherited) @executable_path/../Frameworks";
				MACOSX_DEPLOYMENT_TARGET = 10.10;
				PRODUCT_BUNDLE_IDENTIFIER = "com.Arc676.BrickBreaker-Mac";
				PRODUCT_NAME = "$(TARGET_NAME)";
				PROVISIONING_PROFILE_SPECIFIER = "";
				SWIFT_SWIFT3_OBJC_INFERENCE = Default;
				SWIFT_VERSION = 4.0;
			};
			name = Release;
		};
/* End XCBuildConfiguration section */

/* Begin XCConfigurationList section */
		714AC3831C2E449D000D65E6 /* Build configuration list for PBXNativeTarget "BrickBreaker iOS" */ = {
			isa = XCConfigurationList;
			buildConfigurations = (
				714AC3841C2E449D000D65E6 /* Debug */,
				714AC3851C2E449D000D65E6 /* Release */,
			);
			defaultConfigurationIsVisible = 0;
			defaultConfigurationName = Release;
		};
		718F52971ADFD95C0026AAE4 /* Build configuration list for PBXProject "Brickbreaker" */ = {
			isa = XCConfigurationList;
			buildConfigurations = (
				718F52B71ADFD95C0026AAE4 /* Debug */,
				718F52B81ADFD95C0026AAE4 /* Release */,
			);
			defaultConfigurationIsVisible = 0;
			defaultConfigurationName = Release;
		};
		71FC898F1DFE97C7002A990A /* Build configuration list for PBXNativeTarget "BrickBreaker Mac" */ = {
			isa = XCConfigurationList;
			buildConfigurations = (
				71FC89901DFE97C7002A990A /* Debug */,
				71FC89911DFE97C7002A990A /* Release */,
			);
			defaultConfigurationIsVisible = 0;
			defaultConfigurationName = Release;
		};
/* End XCConfigurationList section */
	};
	rootObject = 718F52941ADFD95C0026AAE4 /* Project object */;
}
